
Microsoft Visual Studio Solution File, Format Version 12.00
# Visual Studio Version 16
VisualStudioVersion = 16.0.30309.148
MinimumVisualStudioVersion = 10.0.40219.1
Project("{FAE04EC0-301F-11D3-BF4B-00C04F79EFBC}") = "NovaPoshtaApi.Core", "NovaPoshtaApi.Core\NovaPoshtaApi.Core.csproj", "{71165D23-F989-4F34-929D-86D7E9AD457B}"
EndProject
Project("{FAE04EC0-301F-11D3-BF4B-00C04F79EFBC}") = "NovaPoshtaApi", "NovaPoshtaApi\NovaPoshtaApi.csproj", "{9D489F80-3C2F-4394-8DCE-CB85FC31FD63}"
EndProject
Project("{FAE04EC0-301F-11D3-BF4B-00C04F79EFBC}") = "Test.NovaPoshtaApi", "Test.NovaPoshtaApi\Test.NovaPoshtaApi.csproj", "{AC7E037A-6946-4607-AAE8-532DA37B3848}"
EndProject
Global
	GlobalSection(SolutionConfigurationPlatforms) = preSolution
		Debug|Any CPU = Debug|Any CPU
		Release|Any CPU = Release|Any CPU
	EndGlobalSection
	GlobalSection(ProjectConfigurationPlatforms) = postSolution
		{71165D23-F989-4F34-929D-86D7E9AD457B}.Debug|Any CPU.ActiveCfg = Debug|Any CPU
		{71165D23-F989-4F34-929D-86D7E9AD457B}.Debug|Any CPU.Build.0 = Debug|Any CPU
		{71165D23-F989-4F34-929D-86D7E9AD457B}.Release|Any CPU.ActiveCfg = Release|Any CPU
		{71165D23-F989-4F34-929D-86D7E9AD457B}.Release|Any CPU.Build.0 = Release|Any CPU
		{9D489F80-3C2F-4394-8DCE-CB85FC31FD63}.Debug|Any CPU.ActiveCfg = Debug|Any CPU
		{9D489F80-3C2F-4394-8DCE-CB85FC31FD63}.Debug|Any CPU.Build.0 = Debug|Any CPU
		{9D489F80-3C2F-4394-8DCE-CB85FC31FD63}.Release|Any CPU.ActiveCfg = Release|Any CPU
		{9D489F80-3C2F-4394-8DCE-CB85FC31FD63}.Release|Any CPU.Build.0 = Release|Any CPU
		{AC7E037A-6946-4607-AAE8-532DA37B3848}.Debug|Any CPU.ActiveCfg = Debug|Any CPU
		{AC7E037A-6946-4607-AAE8-532DA37B3848}.Debug|Any CPU.Build.0 = Debug|Any CPU
		{AC7E037A-6946-4607-AAE8-532DA37B3848}.Release|Any CPU.ActiveCfg = Release|Any CPU
		{AC7E037A-6946-4607-AAE8-532DA37B3848}.Release|Any CPU.Build.0 = Release|Any CPU
	EndGlobalSection
	GlobalSection(SolutionProperties) = preSolution
		HideSolutionNode = FALSE
	EndGlobalSection
	GlobalSection(ExtensibilityGlobals) = postSolution
		SolutionGuid = {B5003102-3346-478A-9C3D-CCEBFFF61588}
	EndGlobalSection
EndGlobal
